// !$*UTF8*$!
{
	archiveVersion = 1;
	classes = {
	};
	objectVersion = 55;
	objects = {

/* Begin PBXBuildFile section */
		26433F76289C9A1B00A1EC71 /* 1.mp4 in Resources */ = {isa = PBXBuildFile; fileRef = 26568518289BA12F0065E197 /* 1.mp4 */; };
		26433F77289C9A1B00A1EC71 /* 2.mp4 in Resources */ = {isa = PBXBuildFile; fileRef = 26568517289BA12F0065E197 /* 2.mp4 */; };
		26433F78289C9A1B00A1EC71 /* 3.mp4 in Resources */ = {isa = PBXBuildFile; fileRef = 26568515289BA12E0065E197 /* 3.mp4 */; };
		26433F79289C9A1B00A1EC71 /* 4.mp4 in Resources */ = {isa = PBXBuildFile; fileRef = 26568516289BA12E0065E197 /* 4.mp4 */; };
		26433F7A289C9A1B00A1EC71 /* 5.mp4 in Resources */ = {isa = PBXBuildFile; fileRef = 2656851A289BA1300065E197 /* 5.mp4 */; };
		26433F7B289C9A1B00A1EC71 /* 6.mp4 in Resources */ = {isa = PBXBuildFile; fileRef = 26568519289BA12F0065E197 /* 6.mp4 */; };
		2656851F289BA55F0065E197 /* VideoModel.swift in Sources */ = {isa = PBXBuildFile; fileRef = 2656851E289BA55F0065E197 /* VideoModel.swift */; };
		26B50ECB289B90E800AAD8A7 /* HealingVideoPlayerApp.swift in Sources */ = {isa = PBXBuildFile; fileRef = 26B50ECA289B90E800AAD8A7 /* HealingVideoPlayerApp.swift */; };
		26B50ECD289B90E800AAD8A7 /* ContentView.swift in Sources */ = {isa = PBXBuildFile; fileRef = 26B50ECC289B90E800AAD8A7 /* ContentView.swift */; };
/* End PBXBuildFile section */

/* Begin PBXFileReference section */
		26568515289BA12E0065E197 /* 3.mp4 */ = {isa = PBXFileReference; lastKnownFileType = file; path = 3.mp4; sourceTree = "<group>"; };
		26568516289BA12E0065E197 /* 4.mp4 */ = {isa = PBXFileReference; lastKnownFileType = file; path = 4.mp4; sourceTree = "<group>"; };
		26568517289BA12F0065E197 /* 2.mp4 */ = {isa = PBXFileReference; lastKnownFileType = file; path = 2.mp4; sourceTree = "<group>"; };
		26568518289BA12F0065E197 /* 1.mp4 */ = {isa = PBXFileReference; lastKnownFileType = file; path = 1.mp4; sourceTree = "<group>"; };
		26568519289BA12F0065E197 /* 6.mp4 */ = {isa = PBXFileReference; lastKnownFileType = file; path = 6.mp4; sourceTree = "<group>"; };
		2656851A289BA1300065E197 /* 5.mp4 */ = {isa = PBXFileReference; lastKnownFileType = file; path = 5.mp4; sourceTree = "<group>"; };
		2656851E289BA55F0065E197 /* VideoModel.swift */ = {isa = PBXFileReference; lastKnownFileType = sourcecode.swift; path = VideoModel.swift; sourceTree = "<group>"; };
		26B50EC7289B90E800AAD8A7 /* AVKit_Barebones.app */ = {isa = PBXFileReference; explicitFileType = wrapper.application; includeInIndex = 0; path = AVKit_Barebones.app; sourceTree = BUILT_PRODUCTS_DIR; };
		26B50ECA289B90E800AAD8A7 /* HealingVideoPlayerApp.swift */ = {isa = PBXFileReference; lastKnownFileType = sourcecode.swift; path = HealingVideoPlayerApp.swift; sourceTree = "<group>"; };
		26B50ECC289B90E800AAD8A7 /* ContentView.swift */ = {isa = PBXFileReference; lastKnownFileType = sourcecode.swift; path = ContentView.swift; sourceTree = "<group>"; };
		26B50ECE289B90EA00AAD8A7 /* Assets.xcassets */ = {isa = PBXFileReference; lastKnownFileType = folder.assetcatalog; path = Assets.xcassets; sourceTree = "<group>"; };
		26B50ED1289B90EA00AAD8A7 /* Preview Assets.xcassets */ = {isa = PBXFileReference; lastKnownFileType = folder.assetcatalog; path = "Preview Assets.xcassets"; sourceTree = "<group>"; };
/* End PBXFileReference section */

/* Begin PBXFrameworksBuildPhase section */
		26B50EC4289B90E800AAD8A7 /* Frameworks */ = {
			isa = PBXFrameworksBuildPhase;
			buildActionMask = 2147483647;
			files = (
			);
			runOnlyForDeploymentPostprocessing = 0;
		};
/* End PBXFrameworksBuildPhase section */

/* Begin PBXGroup section */
		26568514289BA1250065E197 /* Videos */ = {
			isa = PBXGroup;
			children = (
				26568518289BA12F0065E197 /* 1.mp4 */,
				26568517289BA12F0065E197 /* 2.mp4 */,
				26568515289BA12E0065E197 /* 3.mp4 */,
				26568516289BA12E0065E197 /* 4.mp4 */,
				2656851A289BA1300065E197 /* 5.mp4 */,
				26568519289BA12F0065E197 /* 6.mp4 */,
			);
			path = Videos;
			sourceTree = "<group>";
		};
		2656851B289BA1B80065E197 /* View */ = {
			isa = PBXGroup;
			children = (
				26B50ECC289B90E800AAD8A7 /* ContentView.swift */,
			);
			path = View;
			sourceTree = "<group>";
		};
		2656851C289BA53C0065E197 /* Resource */ = {
			isa = PBXGroup;
			children = (
				26568514289BA1250065E197 /* Videos */,
				26B50ECE289B90EA00AAD8A7 /* Assets.xcassets */,
			);
			path = Resource;
			sourceTree = "<group>";
		};
		2656851D289BA54D0065E197 /* Model */ = {
			isa = PBXGroup;
			children = (
				2656851E289BA55F0065E197 /* VideoModel.swift */,
			);
			path = Model;
			sourceTree = "<group>";
		};
		26B50EBE289B90E800AAD8A7 = {
			isa = PBXGroup;
			children = (
				26B50EC9289B90E800AAD8A7 /* HealingVideoPlayer */,
				26B50EC8289B90E800AAD8A7 /* Products */,
			);
			sourceTree = "<group>";
		};
		26B50EC8289B90E800AAD8A7 /* Products */ = {
			isa = PBXGroup;
			children = (
				26B50EC7289B90E800AAD8A7 /* AVKit_Barebones.app */,
			);
			name = Products;
			sourceTree = "<group>";
		};
		26B50EC9289B90E800AAD8A7 /* HealingVideoPlayer */ = {
			isa = PBXGroup;
			children = (
				26B50ECA289B90E800AAD8A7 /* HealingVideoPlayerApp.swift */,
				2656851C289BA53C0065E197 /* Resource */,
				2656851D289BA54D0065E197 /* Model */,
				2656851B289BA1B80065E197 /* View */,
				26B50ED0289B90EA00AAD8A7 /* Preview Content */,
			);
			path = HealingVideoPlayer;
			sourceTree = "<group>";
		};
		26B50ED0289B90EA00AAD8A7 /* Preview Content */ = {
			isa = PBXGroup;
			children = (
				26B50ED1289B90EA00AAD8A7 /* Preview Assets.xcassets */,
			);
			path = "Preview Content";
			sourceTree = "<group>";
		};
/* End PBXGroup section */

/* Begin PBXNativeTarget section */
		26B50EC6289B90E800AAD8A7 /* AVKit_Barebones */ = {
			isa = PBXNativeTarget;
			buildConfigurationList = 26B50ED5289B90EA00AAD8A7 /* Build configuration list for PBXNativeTarget "AVKit_Barebones" */;
			buildPhases = (
				26B50EC3289B90E800AAD8A7 /* Sources */,
				26B50EC4289B90E800AAD8A7 /* Frameworks */,
				26B50EC5289B90E800AAD8A7 /* Resources */,
			);
			buildRules = (
			);
			dependencies = (
			);
			name = AVKit_Barebones;
			productName = AVKit_Barebones;
			productReference = 26B50EC7289B90E800AAD8A7 /* AVKit_Barebones.app */;
			productType = "com.apple.product-type.application";
		};
/* End PBXNativeTarget section */

/* Begin PBXProject section */
		26B50EBF289B90E800AAD8A7 /* Project object */ = {
			isa = PBXProject;
			attributes = {
				BuildIndependentTargetsInParallel = 1;
				LastSwiftUpdateCheck = 1330;
				LastUpgradeCheck = 1330;
				TargetAttributes = {
					26B50EC6289B90E800AAD8A7 = {
						CreatedOnToolsVersion = 13.3.1;
					};
				};
			};
			buildConfigurationList = 26B50EC2289B90E800AAD8A7 /* Build configuration list for PBXProject "HealingVideoPlayer" */;
			compatibilityVersion = "Xcode 13.0";
			developmentRegion = en;
			hasScannedForEncodings = 0;
			knownRegions = (
				en,
				Base,
			);
			mainGroup = 26B50EBE289B90E800AAD8A7;
			productRefGroup = 26B50EC8289B90E800AAD8A7 /* Products */;
			projectDirPath = "";
			projectRoot = "";
			targets = (
				26B50EC6289B90E800AAD8A7 /* AVKit_Barebones */,
			);
		};
/* End PBXProject section */

/* Begin PBXResourcesBuildPhase section */
		26B50EC5289B90E800AAD8A7 /* Resources */ = {
			isa = PBXResourcesBuildPhase;
			buildActionMask = 2147483647;
			files = (
				26433F76289C9A1B00A1EC71 /* 1.mp4 in Resources */,
				26433F77289C9A1B00A1EC71 /* 2.mp4 in Resources */,
				26433F78289C9A1B00A1EC71 /* 3.mp4 in Resources */,
				26433F79289C9A1B00A1EC71 /* 4.mp4 in Resources */,
				26433F7A289C9A1B00A1EC71 /* 5.mp4 in Resources */,
				26433F7B289C9A1B00A1EC71 /* 6.mp4 in Resources */,
			);
			runOnlyForDeploymentPostprocessing = 0;
		};
/* End PBXResourcesBuildPhase section */

/* Begin PBXSourcesBuildPhase section */
		26B50EC3289B90E800AAD8A7 /* Sources */ = {
			isa = PBXSourcesBuildPhase;
			buildActionMask = 2147483647;
			files = (
				26B50ECD289B90E800AAD8A7 /* ContentView.swift in Sources */,
				2656851F289BA55F0065E197 /* VideoModel.swift in Sources */,
				26B50ECB289B90E800AAD8A7 /* HealingVideoPlayerApp.swift in Sources */,
			);
			runOnlyForDeploymentPostprocessing = 0;
		};
/* End PBXSourcesBuildPhase section */

/* Begin XCBuildConfiguration section */
		26B50ED3289B90EA00AAD8A7 /* Debug */ = {
			isa = XCBuildConfiguration;
			buildSettings = {
				ALWAYS_SEARCH_USER_PATHS = NO;
				CLANG_ANALYZER_NONNULL = YES;
				CLANG_ANALYZER_NUMBER_OBJECT_CONVERSION = YES_AGGRESSIVE;
				CLANG_CXX_LANGUAGE_STANDARD = "gnu++17";
				CLANG_ENABLE_MODULES = YES;
				CLANG_ENABLE_OBJC_ARC = YES;
				CLANG_ENABLE_OBJC_WEAK = YES;
				CLANG_WARN_BLOCK_CAPTURE_AUTORELEASING = YES;
				CLANG_WARN_BOOL_CONVERSION = YES;
				CLANG_WARN_COMMA = YES;
				CLANG_WARN_CONSTANT_CONVERSION = YES;
				CLANG_WARN_DEPRECATED_OBJC_IMPLEMENTATIONS = YES;
				CLANG_WARN_DIRECT_OBJC_ISA_USAGE = YES_ERROR;
				CLANG_WARN_DOCUMENTATION_COMMENTS = YES;
				CLANG_WARN_EMPTY_BODY = YES;
				CLANG_WARN_ENUM_CONVERSION = YES;
				CLANG_WARN_INFINITE_RECURSION = YES;
				CLANG_WARN_INT_CONVERSION = YES;
				CLANG_WARN_NON_LITERAL_NULL_CONVERSION = YES;
				CLANG_WARN_OBJC_IMPLICIT_RETAIN_SELF = YES;
				CLANG_WARN_OBJC_LITERAL_CONVERSION = YES;
				CLANG_WARN_OBJC_ROOT_CLASS = YES_ERROR;
				CLANG_WARN_QUOTED_INCLUDE_IN_FRAMEWORK_HEADER = YES;
				CLANG_WARN_RANGE_LOOP_ANALYSIS = YES;
				CLANG_WARN_STRICT_PROTOTYPES = YES;
				CLANG_WARN_SUSPICIOUS_MOVE = YES;
				CLANG_WARN_UNGUARDED_AVAILABILITY = YES_AGGRESSIVE;
				CLANG_WARN_UNREACHABLE_CODE = YES;
				CLANG_WARN__DUPLICATE_METHOD_MATCH = YES;
				COPY_PHASE_STRIP = NO;
				DEBUG_INFORMATION_FORMAT = dwarf;
				ENABLE_STRICT_OBJC_MSGSEND = YES;
				ENABLE_TESTABILITY = YES;
				GCC_C_LANGUAGE_STANDARD = gnu11;
				GCC_DYNAMIC_NO_PIC = NO;
				GCC_NO_COMMON_BLOCKS = YES;
				GCC_OPTIMIZATION_LEVEL = 0;
				GCC_PREPROCESSOR_DEFINITIONS = (
					"DEBUG=1",
					"$(inherited)",
				);
				GCC_WARN_64_TO_32_BIT_CONVERSION = YES;
				GCC_WARN_ABOUT_RETURN_TYPE = YES_ERROR;
				GCC_WARN_UNDECLARED_SELECTOR = YES;
				GCC_WARN_UNINITIALIZED_AUTOS = YES_AGGRESSIVE;
				GCC_WARN_UNUSED_FUNCTION = YES;
				GCC_WARN_UNUSED_VARIABLE = YES;
				IPHONEOS_DEPLOYMENT_TARGET = 15.4;
				MTL_ENABLE_DEBUG_INFO = INCLUDE_SOURCE;
				MTL_FAST_MATH = YES;
				ONLY_ACTIVE_ARCH = YES;
				SDKROOT = iphoneos;
				SWIFT_ACTIVE_COMPILATION_CONDITIONS = DEBUG;
				SWIFT_OPTIMIZATION_LEVEL = "-Onone";
			};
			name = Debug;
		};
		26B50ED4289B90EA00AAD8A7 /* Release */ = {
			isa = XCBuildConfiguration;
			buildSettings = {
				ALWAYS_SEARCH_USER_PATHS = NO;
				CLANG_ANALYZER_NONNULL = YES;
				CLANG_ANALYZER_NUMBER_OBJECT_CONVERSION = YES_AGGRESSIVE;
				CLANG_CXX_LANGUAGE_STANDARD = "gnu++17";
				CLANG_ENABLE_MODULES = YES;
				CLANG_ENABLE_OBJC_ARC = YES;
				CLANG_ENABLE_OBJC_WEAK = YES;
				CLANG_WARN_BLOCK_CAPTURE_AUTORELEASING = YES;
				CLANG_WARN_BOOL_CONVERSION = YES;
				CLANG_WARN_COMMA = YES;
				CLANG_WARN_CONSTANT_CONVERSION = YES;
				CLANG_WARN_DEPRECATED_OBJC_IMPLEMENTATIONS = YES;
				CLANG_WARN_DIRECT_OBJC_ISA_USAGE = YES_ERROR;
				CLANG_WARN_DOCUMENTATION_COMMENTS = YES;
				CLANG_WARN_EMPTY_BODY = YES;
				CLANG_WARN_ENUM_CONVERSION = YES;
				CLANG_WARN_INFINITE_RECURSION = YES;
				CLANG_WARN_INT_CONVERSION = YES;
				CLANG_WARN_NON_LITERAL_NULL_CONVERSION = YES;
				CLANG_WARN_OBJC_IMPLICIT_RETAIN_SELF = YES;
				CLANG_WARN_OBJC_LITERAL_CONVERSION = YES;
				CLANG_WARN_OBJC_ROOT_CLASS = YES_ERROR;
				CLANG_WARN_QUOTED_INCLUDE_IN_FRAMEWORK_HEADER = YES;
				CLANG_WARN_RANGE_LOOP_ANALYSIS = YES;
				CLANG_WARN_STRICT_PROTOTYPES = YES;
				CLANG_WARN_SUSPICIOUS_MOVE = YES;
				CLANG_WARN_UNGUARDED_AVAILABILITY = YES_AGGRESSIVE;
				CLANG_WARN_UNREACHABLE_CODE = YES;
				CLANG_WARN__DUPLICATE_METHOD_MATCH = YES;
				COPY_PHASE_STRIP = NO;
				DEBUG_INFORMATION_FORMAT = "dwarf-with-dsym";
				ENABLE_NS_ASSERTIONS = NO;
				ENABLE_STRICT_OBJC_MSGSEND = YES;
				GCC_C_LANGUAGE_STANDARD = gnu11;
				GCC_NO_COMMON_BLOCKS = YES;
				GCC_WARN_64_TO_32_BIT_CONVERSION = YES;
				GCC_WARN_ABOUT_RETURN_TYPE = YES_ERROR;
				GCC_WARN_UNDECLARED_SELECTOR = YES;
				GCC_WARN_UNINITIALIZED_AUTOS = YES_AGGRESSIVE;
				GCC_WARN_UNUSED_FUNCTION = YES;
				GCC_WARN_UNUSED_VARIABLE = YES;
				IPHONEOS_DEPLOYMENT_TARGET = 15.4;
				MTL_ENABLE_DEBUG_INFO = NO;
				MTL_FAST_MATH = YES;
				SDKROOT = iphoneos;
				SWIFT_COMPILATION_MODE = wholemodule;
				SWIFT_OPTIMIZATION_LEVEL = "-O";
				VALIDATE_PRODUCT = YES;
			};
			name = Release;
		};
		26B50ED6289B90EA00AAD8A7 /* Debug */ = {
			isa = XCBuildConfiguration;
			buildSettings = {
				ASSETCATALOG_COMPILER_APPICON_NAME = AppIcon;
				ASSETCATALOG_COMPILER_GLOBAL_ACCENT_COLOR_NAME = AccentColor;
				CODE_SIGN_STYLE = Automatic;
				CURRENT_PROJECT_VERSION = 1;
				DEVELOPMENT_TEAM = 9GHM5422CF;
				ENABLE_PREVIEWS = YES;
				GENERATE_INFOPLIST_FILE = YES;
				INFOPLIST_KEY_UIApplicationSceneManifest_Generation = YES;
				INFOPLIST_KEY_UIApplicationSupportsIndirectInputEvents = YES;
				INFOPLIST_KEY_UILaunchScreen_Generation = YES;
				INFOPLIST_KEY_UISupportedInterfaceOrientations_iPad = "UIInterfaceOrientationPortrait UIInterfaceOrientationPortraitUpsideDown UIInterfaceOrientationLandscapeLeft UIInterfaceOrientationLandscapeRight";
				INFOPLIST_KEY_UISupportedInterfaceOrientations_iPhone = "UIInterfaceOrientationPortrait UIInterfaceOrientationLandscapeLeft UIInterfaceOrientationLandscapeRight";
				LD_RUNPATH_SEARCH_PATHS = (
					"$(inherited)",
					"@executable_path/Frameworks",
				);
				MARKETING_VERSION = 1.0;
				PRODUCT_BUNDLE_IDENTIFIER = "codershigh.AVKit-Barebones";
				PRODUCT_NAME = "$(TARGET_NAME)";
				SWIFT_EMIT_LOC_STRINGS = YES;
				SWIFT_VERSION = 5.0;
				TARGETED_DEVICE_FAMILY = "1,2";
			};
			name = Debug;
		};
		26B50ED7289B90EA00AAD8A7 /* Release */ = {
			isa = XCBuildConfiguration;
			buildSettings = {
				ASSETCATALOG_COMPILER_APPICON_NAME = AppIcon;
				ASSETCATALOG_COMPILER_GLOBAL_ACCENT_COLOR_NAME = AccentColor;
				CODE_SIGN_STYLE = Automatic;
				CURRENT_PROJECT_VERSION = 1;
				DEVELOPMENT_TEAM = 9GHM5422CF;
				ENABLE_PREVIEWS = YES;
				GENERATE_INFOPLIST_FILE = YES;
				INFOPLIST_KEY_UIApplicationSceneManifest_Generation = YES;
				INFOPLIST_KEY_UIApplicationSupportsIndirectInputEvents = YES;
				INFOPLIST_KEY_UILaunchScreen_Generation = YES;
				INFOPLIST_KEY_UISupportedInterfaceOrientations_iPad = "UIInterfaceOrientationPortrait UIInterfaceOrientationPortraitUpsideDown UIInterfaceOrientationLandscapeLeft UIInterfaceOrientationLandscapeRight";
				INFOPLIST_KEY_UISupportedInterfaceOrientations_iPhone = "UIInterfaceOrientationPortrait UIInterfaceOrientationLandscapeLeft UIInterfaceOrientationLandscapeRight";
				LD_RUNPATH_SEARCH_PATHS = (
					"$(inherited)",
					"@executable_path/Frameworks",
				);
				MARKETING_VERSION = 1.0;
				PRODUCT_BUNDLE_IDENTIFIER = "codershigh.AVKit-Barebones";
				PRODUCT_NAME = "$(TARGET_NAME)";
				SWIFT_EMIT_LOC_STRINGS = YES;
				SWIFT_VERSION = 5.0;
				TARGETED_DEVICE_FAMILY = "1,2";
			};
			name = Release;
		};
/* End XCBuildConfiguration section */

/* Begin XCConfigurationList section */
		26B50EC2289B90E800AAD8A7 /* Build configuration list for PBXProject "HealingVideoPlayer" */ = {
			isa = XCConfigurationList;
			buildConfigurations = (
				26B50ED3289B90EA00AAD8A7 /* Debug */,
				26B50ED4289B90EA00AAD8A7 /* Release */,
			);
			defaultConfigurationIsVisible = 0;
			defaultConfigurationName = Release;
		};
		26B50ED5289B90EA00AAD8A7 /* Build configuration list for PBXNativeTarget "AVKit_Barebones" */ = {
			isa = XCConfigurationList;
			buildConfigurations = (
				26B50ED6289B90EA00AAD8A7 /* Debug */,
				26B50ED7289B90EA00AAD8A7 /* Release */,
			);
			defaultConfigurationIsVisible = 0;
			defaultConfigurationName = Release;
		};
/* End XCConfigurationList section */
	};
	rootObject = 26B50EBF289B90E800AAD8A7 /* Project object */;
}
